
Microsoft Visual Studio Solution File, Format Version 12.00
# Visual Studio 2012
Project("{FAE04EC0-301F-11D3-BF4B-00C04F79EFBC}") = "BumblebeeASP", "BumblebeeASP.csproj", "{023DAC9A-3CEB-44C6-B089-4C2790EC1659}"
EndProject
Global
	GlobalSection(SolutionConfigurationPlatforms) = preSolution
		Debug|Any CPU = Debug|Any CPU
		Release|Any CPU = Release|Any CPU
	EndGlobalSection
	GlobalSection(ProjectConfigurationPlatforms) = postSolution
		{023DAC9A-3CEB-44C6-B089-4C2790EC1659}.Debug|Any CPU.ActiveCfg = Debug|Any CPU
		{023DAC9A-3CEB-44C6-B089-4C2790EC1659}.Debug|Any CPU.Build.0 = Debug|Any CPU
		{023DAC9A-3CEB-44C6-B089-4C2790EC1659}.Release|Any CPU.ActiveCfg = Release|Any CPU
		{023DAC9A-3CEB-44C6-B089-4C2790EC1659}.Release|Any CPU.Build.0 = Release|Any CPU
	EndGlobalSection
EndGlobal
